
Microsoft Visual Studio Solution File, Format Version 12.00
# Visual Studio Version 17
VisualStudioVersion = 17.8.34330.188
MinimumVisualStudioVersion = 10.0.40219.1
Project("{FAE04EC0-301F-11D3-BF4B-00C04F79EFBC}") = "HandsOnArray", "HandsOnArray.csproj", "{D98E65C5-6533-4757-BA8F-317965DE6CC2}"
EndProject
Global
	GlobalSection(SolutionConfigurationPlatforms) = preSolution
		Debug|Any CPU = Debug|Any CPU
		Release|Any CPU = Release|Any CPU
	EndGlobalSection
	GlobalSection(ProjectConfigurationPlatforms) = postSolution
		{D98E65C5-6533-4757-BA8F-317965DE6CC2}.Debug|Any CPU.ActiveCfg = Debug|Any CPU
		{D98E65C5-6533-4757-BA8F-317965DE6CC2}.Debug|Any CPU.Build.0 = Debug|Any CPU
		{D98E65C5-6533-4757-BA8F-317965DE6CC2}.Release|Any CPU.ActiveCfg = Release|Any CPU
		{D98E65C5-6533-4757-BA8F-317965DE6CC2}.Release|Any CPU.Build.0 = Release|Any CPU
	EndGlobalSection
	GlobalSection(SolutionProperties) = preSolution
		HideSolutionNode = FALSE
	EndGlobalSection
	GlobalSection(ExtensibilityGlobals) = postSolution
		SolutionGuid = {9AB244D9-DED1-4614-9E17-A4B8DE490C80}
	EndGlobalSection
EndGlobal
