
Microsoft Visual Studio Solution File, Format Version 12.00
# Visual Studio Version 17
VisualStudioVersion = 17.8.34330.188
MinimumVisualStudioVersion = 10.0.40219.1
Project("{FAE04EC0-301F-11D3-BF4B-00C04F79EFBC}") = "AssessmentEntity", "AssessmentEntity.csproj", "{AF4C1801-E56A-4029-A335-118988824F51}"
EndProject
Global
	GlobalSection(SolutionConfigurationPlatforms) = preSolution
		Debug|Any CPU = Debug|Any CPU
		Release|Any CPU = Release|Any CPU
	EndGlobalSection
	GlobalSection(ProjectConfigurationPlatforms) = postSolution
		{AF4C1801-E56A-4029-A335-118988824F51}.Debug|Any CPU.ActiveCfg = Debug|Any CPU
		{AF4C1801-E56A-4029-A335-118988824F51}.Debug|Any CPU.Build.0 = Debug|Any CPU
		{AF4C1801-E56A-4029-A335-118988824F51}.Release|Any CPU.ActiveCfg = Release|Any CPU
		{AF4C1801-E56A-4029-A335-118988824F51}.Release|Any CPU.Build.0 = Release|Any CPU
	EndGlobalSection
	GlobalSection(SolutionProperties) = preSolution
		HideSolutionNode = FALSE
	EndGlobalSection
	GlobalSection(ExtensibilityGlobals) = postSolution
		SolutionGuid = {F8DB399C-72A7-44D0-9CBE-F2DF06523BC8}
	EndGlobalSection
EndGlobal
