
Microsoft Visual Studio Solution File, Format Version 12.00
# Visual Studio Version 17
VisualStudioVersion = 17.8.34511.84
MinimumVisualStudioVersion = 10.0.40219.1
Project("{FAE04EC0-301F-11D3-BF4B-00C04F79EFBC}") = "BookAPI-react-assignment", "BookAPI-react-assignment.csproj", "{D7F7E0A4-1425-4337-9638-041C1290621F}"
EndProject
Global
	GlobalSection(SolutionConfigurationPlatforms) = preSolution
		Debug|Any CPU = Debug|Any CPU
		Release|Any CPU = Release|Any CPU
	EndGlobalSection
	GlobalSection(ProjectConfigurationPlatforms) = postSolution
		{D7F7E0A4-1425-4337-9638-041C1290621F}.Debug|Any CPU.ActiveCfg = Debug|Any CPU
		{D7F7E0A4-1425-4337-9638-041C1290621F}.Debug|Any CPU.Build.0 = Debug|Any CPU
		{D7F7E0A4-1425-4337-9638-041C1290621F}.Release|Any CPU.ActiveCfg = Release|Any CPU
		{D7F7E0A4-1425-4337-9638-041C1290621F}.Release|Any CPU.Build.0 = Release|Any CPU
	EndGlobalSection
	GlobalSection(SolutionProperties) = preSolution
		HideSolutionNode = FALSE
	EndGlobalSection
	GlobalSection(ExtensibilityGlobals) = postSolution
		SolutionGuid = {A8E83F7A-76E8-41DC-AD21-A076225785D2}
	EndGlobalSection
EndGlobal
