
Microsoft Visual Studio Solution File, Format Version 12.00
# Visual Studio Version 17
VisualStudioVersion = 17.8.34330.188
MinimumVisualStudioVersion = 10.0.40219.1
Project("{FAE04EC0-301F-11D3-BF4B-00C04F79EFBC}") = "HandsOnNonGenericCollections", "HandsOnNonGenericCollections.csproj", "{DB3A6F0B-12D3-4066-8D51-DA27506D7A46}"
EndProject
Global
	GlobalSection(SolutionConfigurationPlatforms) = preSolution
		Debug|Any CPU = Debug|Any CPU
		Release|Any CPU = Release|Any CPU
	EndGlobalSection
	GlobalSection(ProjectConfigurationPlatforms) = postSolution
		{DB3A6F0B-12D3-4066-8D51-DA27506D7A46}.Debug|Any CPU.ActiveCfg = Debug|Any CPU
		{DB3A6F0B-12D3-4066-8D51-DA27506D7A46}.Debug|Any CPU.Build.0 = Debug|Any CPU
		{DB3A6F0B-12D3-4066-8D51-DA27506D7A46}.Release|Any CPU.ActiveCfg = Release|Any CPU
		{DB3A6F0B-12D3-4066-8D51-DA27506D7A46}.Release|Any CPU.Build.0 = Release|Any CPU
	EndGlobalSection
	GlobalSection(SolutionProperties) = preSolution
		HideSolutionNode = FALSE
	EndGlobalSection
	GlobalSection(ExtensibilityGlobals) = postSolution
		SolutionGuid = {16CA47BE-192D-4D37-90A0-44021FCB33B1}
	EndGlobalSection
EndGlobal
