
Microsoft Visual Studio Solution File, Format Version 12.00
# Visual Studio Version 17
VisualStudioVersion = 17.8.34330.188
MinimumVisualStudioVersion = 10.0.40219.1
Project("{FAE04EC0-301F-11D3-BF4B-00C04F79EFBC}") = "Assignment 6_Collections", "Assignment 6_Collections.csproj", "{08FE5AE1-738C-4926-AECA-DCC0B1EDBDF9}"
EndProject
Global
	GlobalSection(SolutionConfigurationPlatforms) = preSolution
		Debug|Any CPU = Debug|Any CPU
		Release|Any CPU = Release|Any CPU
	EndGlobalSection
	GlobalSection(ProjectConfigurationPlatforms) = postSolution
		{08FE5AE1-738C-4926-AECA-DCC0B1EDBDF9}.Debug|Any CPU.ActiveCfg = Debug|Any CPU
		{08FE5AE1-738C-4926-AECA-DCC0B1EDBDF9}.Debug|Any CPU.Build.0 = Debug|Any CPU
		{08FE5AE1-738C-4926-AECA-DCC0B1EDBDF9}.Release|Any CPU.ActiveCfg = Release|Any CPU
		{08FE5AE1-738C-4926-AECA-DCC0B1EDBDF9}.Release|Any CPU.Build.0 = Release|Any CPU
	EndGlobalSection
	GlobalSection(SolutionProperties) = preSolution
		HideSolutionNode = FALSE
	EndGlobalSection
	GlobalSection(ExtensibilityGlobals) = postSolution
		SolutionGuid = {9B388D7F-1A82-475F-A076-C1D08D53A8E2}
	EndGlobalSection
EndGlobal
