
Microsoft Visual Studio Solution File, Format Version 12.00
# Visual Studio Version 17
VisualStudioVersion = 17.8.34330.188
MinimumVisualStudioVersion = 10.0.40219.1
Project("{FAE04EC0-301F-11D3-BF4B-00C04F79EFBC}") = "MyFirstConsoleApp", "MyFirstConsoleApp.csproj", "{1413DB4A-40FF-497B-BF95-BFF0FBA512F6}"
EndProject
Global
	GlobalSection(SolutionConfigurationPlatforms) = preSolution
		Debug|Any CPU = Debug|Any CPU
		Release|Any CPU = Release|Any CPU
	EndGlobalSection
	GlobalSection(ProjectConfigurationPlatforms) = postSolution
		{1413DB4A-40FF-497B-BF95-BFF0FBA512F6}.Debug|Any CPU.ActiveCfg = Debug|Any CPU
		{1413DB4A-40FF-497B-BF95-BFF0FBA512F6}.Debug|Any CPU.Build.0 = Debug|Any CPU
		{1413DB4A-40FF-497B-BF95-BFF0FBA512F6}.Release|Any CPU.ActiveCfg = Release|Any CPU
		{1413DB4A-40FF-497B-BF95-BFF0FBA512F6}.Release|Any CPU.Build.0 = Release|Any CPU
	EndGlobalSection
	GlobalSection(SolutionProperties) = preSolution
		HideSolutionNode = FALSE
	EndGlobalSection
	GlobalSection(ExtensibilityGlobals) = postSolution
		SolutionGuid = {257A72D8-7897-4BA8-8E20-41EC2419C659}
	EndGlobalSection
EndGlobal
