
Microsoft Visual Studio Solution File, Format Version 12.00
# Visual Studio Version 17
VisualStudioVersion = 17.8.34330.188
MinimumVisualStudioVersion = 10.0.40219.1
Project("{FAE04EC0-301F-11D3-BF4B-00C04F79EFBC}") = "HandsOnTypeConversion", "HandsOnTypeConversion.csproj", "{097758B4-901A-40A6-B678-D1E560719B5D}"
EndProject
Global
	GlobalSection(SolutionConfigurationPlatforms) = preSolution
		Debug|Any CPU = Debug|Any CPU
		Release|Any CPU = Release|Any CPU
	EndGlobalSection
	GlobalSection(ProjectConfigurationPlatforms) = postSolution
		{097758B4-901A-40A6-B678-D1E560719B5D}.Debug|Any CPU.ActiveCfg = Debug|Any CPU
		{097758B4-901A-40A6-B678-D1E560719B5D}.Debug|Any CPU.Build.0 = Debug|Any CPU
		{097758B4-901A-40A6-B678-D1E560719B5D}.Release|Any CPU.ActiveCfg = Release|Any CPU
		{097758B4-901A-40A6-B678-D1E560719B5D}.Release|Any CPU.Build.0 = Release|Any CPU
	EndGlobalSection
	GlobalSection(SolutionProperties) = preSolution
		HideSolutionNode = FALSE
	EndGlobalSection
	GlobalSection(ExtensibilityGlobals) = postSolution
		SolutionGuid = {6733C211-C6C3-442E-A3DB-7CBDD8FCAECC}
	EndGlobalSection
EndGlobal
