
Microsoft Visual Studio Solution File, Format Version 12.00
# Visual Studio Version 17
VisualStudioVersion = 17.8.34330.188
MinimumVisualStudioVersion = 10.0.40219.1
Project("{FAE04EC0-301F-11D3-BF4B-00C04F79EFBC}") = "AssessmentEntityFramework", "AssessmentEntityFramework.csproj", "{1235375C-FFA4-42C4-AE0C-90D959F90B1D}"
EndProject
Global
	GlobalSection(SolutionConfigurationPlatforms) = preSolution
		Debug|Any CPU = Debug|Any CPU
		Release|Any CPU = Release|Any CPU
	EndGlobalSection
	GlobalSection(ProjectConfigurationPlatforms) = postSolution
		{1235375C-FFA4-42C4-AE0C-90D959F90B1D}.Debug|Any CPU.ActiveCfg = Debug|Any CPU
		{1235375C-FFA4-42C4-AE0C-90D959F90B1D}.Debug|Any CPU.Build.0 = Debug|Any CPU
		{1235375C-FFA4-42C4-AE0C-90D959F90B1D}.Release|Any CPU.ActiveCfg = Release|Any CPU
		{1235375C-FFA4-42C4-AE0C-90D959F90B1D}.Release|Any CPU.Build.0 = Release|Any CPU
	EndGlobalSection
	GlobalSection(SolutionProperties) = preSolution
		HideSolutionNode = FALSE
	EndGlobalSection
	GlobalSection(ExtensibilityGlobals) = postSolution
		SolutionGuid = {152C96E3-B794-4260-8E33-6EB229AF3528}
	EndGlobalSection
EndGlobal
