
Microsoft Visual Studio Solution File, Format Version 12.00
# Visual Studio Version 17
VisualStudioVersion = 17.8.34330.188
MinimumVisualStudioVersion = 10.0.40219.1
Project("{FAE04EC0-301F-11D3-BF4B-00C04F79EFBC}") = "HandsOnEFDemo2", "HandsOnEFDemo2.csproj", "{1C1A9733-5F3B-4C50-860D-E21777DE49CD}"
EndProject
Global
	GlobalSection(SolutionConfigurationPlatforms) = preSolution
		Debug|Any CPU = Debug|Any CPU
		Release|Any CPU = Release|Any CPU
	EndGlobalSection
	GlobalSection(ProjectConfigurationPlatforms) = postSolution
		{1C1A9733-5F3B-4C50-860D-E21777DE49CD}.Debug|Any CPU.ActiveCfg = Debug|Any CPU
		{1C1A9733-5F3B-4C50-860D-E21777DE49CD}.Debug|Any CPU.Build.0 = Debug|Any CPU
		{1C1A9733-5F3B-4C50-860D-E21777DE49CD}.Release|Any CPU.ActiveCfg = Release|Any CPU
		{1C1A9733-5F3B-4C50-860D-E21777DE49CD}.Release|Any CPU.Build.0 = Release|Any CPU
	EndGlobalSection
	GlobalSection(SolutionProperties) = preSolution
		HideSolutionNode = FALSE
	EndGlobalSection
	GlobalSection(ExtensibilityGlobals) = postSolution
		SolutionGuid = {99DD5DE4-6922-4D28-90EE-A8C544305EC1}
	EndGlobalSection
EndGlobal
